// !$*UTF8*$!
{
	archiveVersion = 1;
	classes = {
	};
	objectVersion = 46;
	objects = {

/* Begin PBXBuildFile section */
		471FF9B51B22CD1C00EEAA04 /* AppDelegate.swift in Sources */ = {isa = PBXBuildFile; fileRef = 471FF9B41B22CD1C00EEAA04 /* AppDelegate.swift */; };
		471FF9BC1B22CD1C00EEAA04 /* Main.storyboard in Resources */ = {isa = PBXBuildFile; fileRef = 471FF9BA1B22CD1C00EEAA04 /* Main.storyboard */; };
		471FF9BE1B22CD1C00EEAA04 /* Images.xcassets in Resources */ = {isa = PBXBuildFile; fileRef = 471FF9BD1B22CD1C00EEAA04 /* Images.xcassets */; };
		471FF9C11B22CD1C00EEAA04 /* LaunchScreen.xib in Resources */ = {isa = PBXBuildFile; fileRef = 471FF9BF1B22CD1C00EEAA04 /* LaunchScreen.xib */; };
		471FF9CD1B22CD1D00EEAA04 /* WarkAroundTests.swift in Sources */ = {isa = PBXBuildFile; fileRef = 471FF9CC1B22CD1D00EEAA04 /* WarkAroundTests.swift */; };
		471FF9DD1B22E21400EEAA04 /* AudioToolbox.framework in Frameworks */ = {isa = PBXBuildFile; fileRef = 471FF9DC1B22E21400EEAA04 /* AudioToolbox.framework */; };
		471FF9DF1B22E21C00EEAA04 /* CFNetwork.framework in Frameworks */ = {isa = PBXBuildFile; fileRef = 471FF9DE1B22E21C00EEAA04 /* CFNetwork.framework */; };
		471FF9E11B22E22400EEAA04 /* CoreGraphics.framework in Frameworks */ = {isa = PBXBuildFile; fileRef = 471FF9E01B22E22400EEAA04 /* CoreGraphics.framework */; };
		471FF9E31B22E2DA00EEAA04 /* CoreLocation.framework in Frameworks */ = {isa = PBXBuildFile; fileRef = 471FF9E21B22E2DA00EEAA04 /* CoreLocation.framework */; };
		471FF9E51B22E2E100EEAA04 /* MobileCoreServices.framework in Frameworks */ = {isa = PBXBuildFile; fileRef = 471FF9E41B22E2E100EEAA04 /* MobileCoreServices.framework */; };
		471FF9E71B22E2E900EEAA04 /* QuartzCore.framework in Frameworks */ = {isa = PBXBuildFile; fileRef = 471FF9E61B22E2E900EEAA04 /* QuartzCore.framework */; };
		471FF9E91B22E2F000EEAA04 /* Security.framework in Frameworks */ = {isa = PBXBuildFile; fileRef = 471FF9E81B22E2F000EEAA04 /* Security.framework */; };
		471FF9EB1B22E2F800EEAA04 /* StoreKit.framework in Frameworks */ = {isa = PBXBuildFile; fileRef = 471FF9EA1B22E2F800EEAA04 /* StoreKit.framework */; };
		471FF9ED1B22E2FF00EEAA04 /* SystemConfiguration.framework in Frameworks */ = {isa = PBXBuildFile; fileRef = 471FF9EC1B22E2FF00EEAA04 /* SystemConfiguration.framework */; };
		471FF9EF1B22E30700EEAA04 /* libz.dylib in Frameworks */ = {isa = PBXBuildFile; fileRef = 471FF9EE1B22E30700EEAA04 /* libz.dylib */; };
		471FF9F11B22E31600EEAA04 /* libsqlite3.dylib in Frameworks */ = {isa = PBXBuildFile; fileRef = 471FF9F01B22E31600EEAA04 /* libsqlite3.dylib */; };
		471FF9F31B22E31E00EEAA04 /* Accounts.framework in Frameworks */ = {isa = PBXBuildFile; fileRef = 471FF9F21B22E31E00EEAA04 /* Accounts.framework */; };
		471FF9F51B22E32400EEAA04 /* Social.framework in Frameworks */ = {isa = PBXBuildFile; fileRef = 471FF9F41B22E32400EEAA04 /* Social.framework */; };
		471FF9FA1B22E47F00EEAA04 /* Bolts.framework in Frameworks */ = {isa = PBXBuildFile; fileRef = 471FF9F71B22E47F00EEAA04 /* Bolts.framework */; };
		471FF9FB1B22E47F00EEAA04 /* Parse.framework in Frameworks */ = {isa = PBXBuildFile; fileRef = 471FF9F81B22E47F00EEAA04 /* Parse.framework */; };
		471FF9FC1B22E47F00EEAA04 /* ParseUI.framework in Frameworks */ = {isa = PBXBuildFile; fileRef = 471FF9F91B22E47F00EEAA04 /* ParseUI.framework */; };
		471FF9FE1B22E94E00EEAA04 /* TabbarViewController.swift in Sources */ = {isa = PBXBuildFile; fileRef = 471FF9FD1B22E94E00EEAA04 /* TabbarViewController.swift */; };
		471FFA001B230E4000EEAA04 /* uselogo.png in Resources */ = {isa = PBXBuildFile; fileRef = 471FF9FF1B230E4000EEAA04 /* uselogo.png */; };
		471FFA061B2317F400EEAA04 /* Fabric.framework in Frameworks */ = {isa = PBXBuildFile; fileRef = 471FFA021B2317F400EEAA04 /* Fabric.framework */; };
		471FFA071B2317F400EEAA04 /* TwitterKit.framework in Frameworks */ = {isa = PBXBuildFile; fileRef = 471FFA031B2317F400EEAA04 /* TwitterKit.framework */; };
		471FFA081B2317F400EEAA04 /* TwitterKitResources.bundle in Resources */ = {isa = PBXBuildFile; fileRef = 471FFA041B2317F400EEAA04 /* TwitterKitResources.bundle */; };
		471FFA091B2317F400EEAA04 /* TwitterCore.framework in Frameworks */ = {isa = PBXBuildFile; fileRef = 471FFA051B2317F400EEAA04 /* TwitterCore.framework */; };
		471FFA0D1B231B9000EEAA04 /* HomeViewController.swift in Sources */ = {isa = PBXBuildFile; fileRef = 471FFA0C1B231B9000EEAA04 /* HomeViewController.swift */; };
		471FFA0F1B231BA900EEAA04 /* RankingTableViewController.swift in Sources */ = {isa = PBXBuildFile; fileRef = 471FFA0E1B231BA900EEAA04 /* RankingTableViewController.swift */; };
		471FFA111B231EB400EEAA04 /* splash.png in Resources */ = {isa = PBXBuildFile; fileRef = 471FFA101B231EB400EEAA04 /* splash.png */; };
		471FFA131B231F5C00EEAA04 /* OriginalNavigationController.swift in Sources */ = {isa = PBXBuildFile; fileRef = 471FFA121B231F5C00EEAA04 /* OriginalNavigationController.swift */; };
		475EC9611B2327DC00B65747 /* nav_haguruma@2x.png in Resources */ = {isa = PBXBuildFile; fileRef = 475EC95D1B2327DC00B65747 /* nav_haguruma@2x.png */; };
		475EC9621B2327DC00B65747 /* tab_home@2x.png in Resources */ = {isa = PBXBuildFile; fileRef = 475EC95E1B2327DC00B65747 /* tab_home@2x.png */; };
		475EC9631B2327DC00B65747 /* tab_rank@2x.png in Resources */ = {isa = PBXBuildFile; fileRef = 475EC95F1B2327DC00B65747 /* tab_rank@2x.png */; };
		475EC9641B2327DC00B65747 /* tab_wallet@2x.png in Resources */ = {isa = PBXBuildFile; fileRef = 475EC9601B2327DC00B65747 /* tab_wallet@2x.png */; };
		475EC9661B23287700B65747 /* CouponViewController.swift in Sources */ = {isa = PBXBuildFile; fileRef = 475EC9651B23287700B65747 /* CouponViewController.swift */; };
		475EC96A1B233A1C00B65747 /* background.png in Resources */ = {isa = PBXBuildFile; fileRef = 475EC9691B233A1C00B65747 /* background.png */; };
		475EC96C1B23412900B65747 /* splash2.png in Resources */ = {isa = PBXBuildFile; fileRef = 475EC96B1B23412900B65747 /* splash2.png */; };
		478AF1441B2358440027F22D /* coupon_1024.png in Resources */ = {isa = PBXBuildFile; fileRef = 478AF1431B2358440027F22D /* coupon_1024.png */; };
		478AF1491B23CBBC0027F22D /* logopng_360.png in Resources */ = {isa = PBXBuildFile; fileRef = 478AF1471B23CBBC0027F22D /* logopng_360.png */; };
		478AF14A1B23CBBC0027F22D /* rank_360.png in Resources */ = {isa = PBXBuildFile; fileRef = 478AF1481B23CBBC0027F22D /* rank_360.png */; };
		478AF14C1B23CE550027F22D /* aa.png in Resources */ = {isa = PBXBuildFile; fileRef = 478AF14B1B23CE550027F22D /* aa.png */; };
		478AF14E1B23D6850027F22D /* stepoints_720.png in Resources */ = {isa = PBXBuildFile; fileRef = 478AF14D1B23D6850027F22D /* stepoints_720.png */; };
		478AF1501B23D8230027F22D /* fusa.png in Resources */ = {isa = PBXBuildFile; fileRef = 478AF14F1B23D8230027F22D /* fusa.png */; };
		478AF1521B23F5430027F22D /* WebViewController.swift in Sources */ = {isa = PBXBuildFile; fileRef = 478AF1511B23F5430027F22D /* WebViewController.swift */; };
		478AF1541B2403040027F22D /* splash3.png in Resources */ = {isa = PBXBuildFile; fileRef = 478AF1531B2403040027F22D /* splash3.png */; };
		478AF1561B2404290027F22D /* RankingTableViewCell.swift in Sources */ = {isa = PBXBuildFile; fileRef = 478AF1551B2404290027F22D /* RankingTableViewCell.swift */; };
		478AF15A1B24110C0027F22D /* Futura.ttc in Resources */ = {isa = PBXBuildFile; fileRef = 478AF1571B2410460027F22D /* Futura.ttc */; };
		478AF15B1B2411100027F22D /* STHiti.ttf in Resources */ = {isa = PBXBuildFile; fileRef = 478AF1581B2410460027F22D /* STHiti.ttf */; };
		478AF15C1B2411140027F22D /* SukhumvitSet.ttc in Resources */ = {isa = PBXBuildFile; fileRef = 478AF1591B2410460027F22D /* SukhumvitSet.ttc */; };
		478AF1601B242C8E0027F22D /* rank_360-1@2x.png in Resources */ = {isa = PBXBuildFile; fileRef = 478AF15D1B242C8E0027F22D /* rank_360-1@2x.png */; };
		478AF1611B242C8E0027F22D /* cou_360@2x.png in Resources */ = {isa = PBXBuildFile; fileRef = 478AF15E1B242C8E0027F22D /* cou_360@2x.png */; };
		478AF1621B242C8E0027F22D /* home_360@2x.png in Resources */ = {isa = PBXBuildFile; fileRef = 478AF15F1B242C8E0027F22D /* home_360@2x.png */; };
/* End PBXBuildFile section */

/* Begin PBXContainerItemProxy section */
		471FF9C71B22CD1D00EEAA04 /* PBXContainerItemProxy */ = {
			isa = PBXContainerItemProxy;
			containerPortal = 471FF9A71B22CD1C00EEAA04 /* Project object */;
			proxyType = 1;
			remoteGlobalIDString = 471FF9AE1B22CD1C00EEAA04;
			remoteInfo = WarkAround;
		};
/* End PBXContainerItemProxy section */

/* Begin PBXFileReference section */
		471FF9AF1B22CD1C00EEAA04 /* WarkAround.app */ = {isa = PBXFileReference; explicitFileType = wrapper.application; includeInIndex = 0; path = WarkAround.app; sourceTree = BUILT_PRODUCTS_DIR; };
		471FF9B31B22CD1C00EEAA04 /* Info.plist */ = {isa = PBXFileReference; lastKnownFileType = text.plist.xml; path = Info.plist; sourceTree = "<group>"; };
		471FF9B41B22CD1C00EEAA04 /* AppDelegate.swift */ = {isa = PBXFileReference; lastKnownFileType = sourcecode.swift; path = AppDelegate.swift; sourceTree = "<group>"; };
		471FF9BB1B22CD1C00EEAA04 /* Base */ = {isa = PBXFileReference; lastKnownFileType = file.storyboard; name = Base; path = Base.lproj/Main.storyboard; sourceTree = "<group>"; };
		471FF9BD1B22CD1C00EEAA04 /* Images.xcassets */ = {isa = PBXFileReference; lastKnownFileType = folder.assetcatalog; path = Images.xcassets; sourceTree = "<group>"; };
		471FF9C01B22CD1C00EEAA04 /* Base */ = {isa = PBXFileReference; lastKnownFileType = file.xib; name = Base; path = Base.lproj/LaunchScreen.xib; sourceTree = "<group>"; };
		471FF9C61B22CD1D00EEAA04 /* WarkAroundTests.xctest */ = {isa = PBXFileReference; explicitFileType = wrapper.cfbundle; includeInIndex = 0; path = WarkAroundTests.xctest; sourceTree = BUILT_PRODUCTS_DIR; };
		471FF9CB1B22CD1D00EEAA04 /* Info.plist */ = {isa = PBXFileReference; lastKnownFileType = text.plist.xml; path = Info.plist; sourceTree = "<group>"; };
		471FF9CC1B22CD1D00EEAA04 /* WarkAroundTests.swift */ = {isa = PBXFileReference; lastKnownFileType = sourcecode.swift; path = WarkAroundTests.swift; sourceTree = "<group>"; };
		471FF9DC1B22E21400EEAA04 /* AudioToolbox.framework */ = {isa = PBXFileReference; lastKnownFileType = wrapper.framework; name = AudioToolbox.framework; path = System/Library/Frameworks/AudioToolbox.framework; sourceTree = SDKROOT; };
		471FF9DE1B22E21C00EEAA04 /* CFNetwork.framework */ = {isa = PBXFileReference; lastKnownFileType = wrapper.framework; name = CFNetwork.framework; path = System/Library/Frameworks/CFNetwork.framework; sourceTree = SDKROOT; };
		471FF9E01B22E22400EEAA04 /* CoreGraphics.framework */ = {isa = PBXFileReference; lastKnownFileType = wrapper.framework; name = CoreGraphics.framework; path = System/Library/Frameworks/CoreGraphics.framework; sourceTree = SDKROOT; };
		471FF9E21B22E2DA00EEAA04 /* CoreLocation.framework */ = {isa = PBXFileReference; lastKnownFileType = wrapper.framework; name = CoreLocation.framework; path = System/Library/Frameworks/CoreLocation.framework; sourceTree = SDKROOT; };
		471FF9E41B22E2E100EEAA04 /* MobileCoreServices.framework */ = {isa = PBXFileReference; lastKnownFileType = wrapper.framework; name = MobileCoreServices.framework; path = System/Library/Frameworks/MobileCoreServices.framework; sourceTree = SDKROOT; };
		471FF9E61B22E2E900EEAA04 /* QuartzCore.framework */ = {isa = PBXFileReference; lastKnownFileType = wrapper.framework; name = QuartzCore.framework; path = System/Library/Frameworks/QuartzCore.framework; sourceTree = SDKROOT; };
		471FF9E81B22E2F000EEAA04 /* Security.framework */ = {isa = PBXFileReference; lastKnownFileType = wrapper.framework; name = Security.framework; path = System/Library/Frameworks/Security.framework; sourceTree = SDKROOT; };
		471FF9EA1B22E2F800EEAA04 /* StoreKit.framework */ = {isa = PBXFileReference; lastKnownFileType = wrapper.framework; name = StoreKit.framework; path = System/Library/Frameworks/StoreKit.framework; sourceTree = SDKROOT; };
		471FF9EC1B22E2FF00EEAA04 /* SystemConfiguration.framework */ = {isa = PBXFileReference; lastKnownFileType = wrapper.framework; name = SystemConfiguration.framework; path = System/Library/Frameworks/SystemConfiguration.framework; sourceTree = SDKROOT; };
		471FF9EE1B22E30700EEAA04 /* libz.dylib */ = {isa = PBXFileReference; lastKnownFileType = "compiled.mach-o.dylib"; name = libz.dylib; path = usr/lib/libz.dylib; sourceTree = SDKROOT; };
		471FF9F01B22E31600EEAA04 /* libsqlite3.dylib */ = {isa = PBXFileReference; lastKnownFileType = "compiled.mach-o.dylib"; name = libsqlite3.dylib; path = usr/lib/libsqlite3.dylib; sourceTree = SDKROOT; };
		471FF9F21B22E31E00EEAA04 /* Accounts.framework */ = {isa = PBXFileReference; lastKnownFileType = wrapper.framework; name = Accounts.framework; path = System/Library/Frameworks/Accounts.framework; sourceTree = SDKROOT; };
		471FF9F41B22E32400EEAA04 /* Social.framework */ = {isa = PBXFileReference; lastKnownFileType = wrapper.framework; name = Social.framework; path = System/Library/Frameworks/Social.framework; sourceTree = SDKROOT; };
		471FF9F71B22E47F00EEAA04 /* Bolts.framework */ = {isa = PBXFileReference; lastKnownFileType = wrapper.framework; path = Bolts.framework; sourceTree = "<group>"; };
		471FF9F81B22E47F00EEAA04 /* Parse.framework */ = {isa = PBXFileReference; lastKnownFileType = wrapper.framework; path = Parse.framework; sourceTree = "<group>"; };
		471FF9F91B22E47F00EEAA04 /* ParseUI.framework */ = {isa = PBXFileReference; lastKnownFileType = wrapper.framework; path = ParseUI.framework; sourceTree = "<group>"; };
		471FF9FD1B22E94E00EEAA04 /* TabbarViewController.swift */ = {isa = PBXFileReference; fileEncoding = 4; lastKnownFileType = sourcecode.swift; path = TabbarViewController.swift; sourceTree = "<group>"; };
		471FF9FF1B230E4000EEAA04 /* uselogo.png */ = {isa = PBXFileReference; lastKnownFileType = image.png; path = uselogo.png; sourceTree = "<group>"; };
		471FFA021B2317F400EEAA04 /* Fabric.framework */ = {isa = PBXFileReference; lastKnownFileType = wrapper.framework; path = Fabric.framework; sourceTree = "<group>"; };
		471FFA031B2317F400EEAA04 /* TwitterKit.framework */ = {isa = PBXFileReference; lastKnownFileType = wrapper.framework; path = TwitterKit.framework; sourceTree = "<group>"; };
		471FFA041B2317F400EEAA04 /* TwitterKitResources.bundle */ = {isa = PBXFileReference; lastKnownFileType = "wrapper.plug-in"; name = TwitterKitResources.bundle; path = TwitterKit.framework/Versions/A/Resources/TwitterKitResources.bundle; sourceTree = "<group>"; };
		471FFA051B2317F400EEAA04 /* TwitterCore.framework */ = {isa = PBXFileReference; lastKnownFileType = wrapper.framework; path = TwitterCore.framework; sourceTree = "<group>"; };
		471FFA0C1B231B9000EEAA04 /* HomeViewController.swift */ = {isa = PBXFileReference; fileEncoding = 4; lastKnownFileType = sourcecode.swift; path = HomeViewController.swift; sourceTree = "<group>"; };
		471FFA0E1B231BA900EEAA04 /* RankingTableViewController.swift */ = {isa = PBXFileReference; fileEncoding = 4; lastKnownFileType = sourcecode.swift; path = RankingTableViewController.swift; sourceTree = "<group>"; };
		471FFA101B231EB400EEAA04 /* splash.png */ = {isa = PBXFileReference; lastKnownFileType = image.png; path = splash.png; sourceTree = "<group>"; };
		471FFA121B231F5C00EEAA04 /* OriginalNavigationController.swift */ = {isa = PBXFileReference; fileEncoding = 4; lastKnownFileType = sourcecode.swift; path = OriginalNavigationController.swift; sourceTree = "<group>"; };
		475EC95D1B2327DC00B65747 /* nav_haguruma@2x.png */ = {isa = PBXFileReference; lastKnownFileType = image.png; path = "nav_haguruma@2x.png"; sourceTree = "<group>"; };
		475EC95E1B2327DC00B65747 /* tab_home@2x.png */ = {isa = PBXFileReference; lastKnownFileType = image.png; path = "tab_home@2x.png"; sourceTree = "<group>"; };
		475EC95F1B2327DC00B65747 /* tab_rank@2x.png */ = {isa = PBXFileReference; lastKnownFileType = image.png; path = "tab_rank@2x.png"; sourceTree = "<group>"; };
		475EC9601B2327DC00B65747 /* tab_wallet@2x.png */ = {isa = PBXFileReference; lastKnownFileType = image.png; path = "tab_wallet@2x.png"; sourceTree = "<group>"; };
		475EC9651B23287700B65747 /* CouponViewController.swift */ = {isa = PBXFileReference; fileEncoding = 4; lastKnownFileType = sourcecode.swift; path = CouponViewController.swift; sourceTree = "<group>"; };
		475EC9691B233A1C00B65747 /* background.png */ = {isa = PBXFileReference; lastKnownFileType = image.png; path = background.png; sourceTree = "<group>"; };
		475EC96B1B23412900B65747 /* splash2.png */ = {isa = PBXFileReference; lastKnownFileType = image.png; path = splash2.png; sourceTree = "<group>"; };
		478AF1431B2358440027F22D /* coupon_1024.png */ = {isa = PBXFileReference; lastKnownFileType = image.png; path = coupon_1024.png; sourceTree = "<group>"; };
		478AF1471B23CBBC0027F22D /* logopng_360.png */ = {isa = PBXFileReference; lastKnownFileType = image.png; path = logopng_360.png; sourceTree = "<group>"; };
		478AF1481B23CBBC0027F22D /* rank_360.png */ = {isa = PBXFileReference; lastKnownFileType = image.png; path = rank_360.png; sourceTree = "<group>"; };
		478AF14B1B23CE550027F22D /* aa.png */ = {isa = PBXFileReference; lastKnownFileType = image.png; path = aa.png; sourceTree = "<group>"; };
		478AF14D1B23D6850027F22D /* stepoints_720.png */ = {isa = PBXFileReference; lastKnownFileType = image.png; path = stepoints_720.png; sourceTree = "<group>"; };
		478AF14F1B23D8230027F22D /* fusa.png */ = {isa = PBXFileReference; lastKnownFileType = image.png; path = fusa.png; sourceTree = "<group>"; };
		478AF1511B23F5430027F22D /* WebViewController.swift */ = {isa = PBXFileReference; fileEncoding = 4; lastKnownFileType = sourcecode.swift; path = WebViewController.swift; sourceTree = "<group>"; };
		478AF1531B2403040027F22D /* splash3.png */ = {isa = PBXFileReference; lastKnownFileType = image.png; path = splash3.png; sourceTree = "<group>"; };
		478AF1551B2404290027F22D /* RankingTableViewCell.swift */ = {isa = PBXFileReference; fileEncoding = 4; lastKnownFileType = sourcecode.swift; path = RankingTableViewCell.swift; sourceTree = "<group>"; };
		478AF1571B2410460027F22D /* Futura.ttc */ = {isa = PBXFileReference; lastKnownFileType = file; path = Futura.ttc; sourceTree = "<group>"; };
		478AF1581B2410460027F22D /* STHiti.ttf */ = {isa = PBXFileReference; lastKnownFileType = file; path = STHiti.ttf; sourceTree = "<group>"; };
		478AF1591B2410460027F22D /* SukhumvitSet.ttc */ = {isa = PBXFileReference; lastKnownFileType = file; path = SukhumvitSet.ttc; sourceTree = "<group>"; };
		478AF15D1B242C8E0027F22D /* rank_360-1@2x.png */ = {isa = PBXFileReference; lastKnownFileType = image.png; path = "rank_360-1@2x.png"; sourceTree = "<group>"; };
		478AF15E1B242C8E0027F22D /* cou_360@2x.png */ = {isa = PBXFileReference; lastKnownFileType = image.png; path = "cou_360@2x.png"; sourceTree = "<group>"; };
		478AF15F1B242C8E0027F22D /* home_360@2x.png */ = {isa = PBXFileReference; lastKnownFileType = image.png; path = "home_360@2x.png"; sourceTree = "<group>"; };
/* End PBXFileReference section */

/* Begin PBXFrameworksBuildPhase section */
		471FF9AC1B22CD1C00EEAA04 /* Frameworks */ = {
			isa = PBXFrameworksBuildPhase;
			buildActionMask = 2147483647;
			files = (
				471FF9F51B22E32400EEAA04 /* Social.framework in Frameworks */,
				471FF9F31B22E31E00EEAA04 /* Accounts.framework in Frameworks */,
				471FF9F11B22E31600EEAA04 /* libsqlite3.dylib in Frameworks */,
				471FF9EF1B22E30700EEAA04 /* libz.dylib in Frameworks */,
				471FF9FB1B22E47F00EEAA04 /* Parse.framework in Frameworks */,
				471FF9ED1B22E2FF00EEAA04 /* SystemConfiguration.framework in Frameworks */,
				471FF9FC1B22E47F00EEAA04 /* ParseUI.framework in Frameworks */,
				471FF9EB1B22E2F800EEAA04 /* StoreKit.framework in Frameworks */,
				471FF9E91B22E2F000EEAA04 /* Security.framework in Frameworks */,
				471FF9E71B22E2E900EEAA04 /* QuartzCore.framework in Frameworks */,
				471FFA091B2317F400EEAA04 /* TwitterCore.framework in Frameworks */,
				471FF9E51B22E2E100EEAA04 /* MobileCoreServices.framework in Frameworks */,
				471FF9E31B22E2DA00EEAA04 /* CoreLocation.framework in Frameworks */,
				471FF9E11B22E22400EEAA04 /* CoreGraphics.framework in Frameworks */,
				471FF9DF1B22E21C00EEAA04 /* CFNetwork.framework in Frameworks */,
				471FF9DD1B22E21400EEAA04 /* AudioToolbox.framework in Frameworks */,
				471FFA061B2317F400EEAA04 /* Fabric.framework in Frameworks */,
				471FF9FA1B22E47F00EEAA04 /* Bolts.framework in Frameworks */,
				471FFA071B2317F400EEAA04 /* TwitterKit.framework in Frameworks */,
			);
			runOnlyForDeploymentPostprocessing = 0;
		};
		471FF9C31B22CD1D00EEAA04 /* Frameworks */ = {
			isa = PBXFrameworksBuildPhase;
			buildActionMask = 2147483647;
			files = (
			);
			runOnlyForDeploymentPostprocessing = 0;
		};
/* End PBXFrameworksBuildPhase section */

/* Begin PBXGroup section */
		471FF9A61B22CD1C00EEAA04 = {
			isa = PBXGroup;
			children = (
				478AF1571B2410460027F22D /* Futura.ttc */,
				478AF1581B2410460027F22D /* STHiti.ttf */,
				478AF1591B2410460027F22D /* SukhumvitSet.ttc */,
				471FFA021B2317F400EEAA04 /* Fabric.framework */,
				471FFA031B2317F400EEAA04 /* TwitterKit.framework */,
				471FFA041B2317F400EEAA04 /* TwitterKitResources.bundle */,
				471FFA051B2317F400EEAA04 /* TwitterCore.framework */,
				471FF9F61B22E3AD00EEAA04 /* Frameworks */,
				471FF9B11B22CD1C00EEAA04 /* WarkAround */,
				471FF9C91B22CD1D00EEAA04 /* WarkAroundTests */,
				471FF9B01B22CD1C00EEAA04 /* Products */,
			);
			sourceTree = "<group>";
		};
		471FF9B01B22CD1C00EEAA04 /* Products */ = {
			isa = PBXGroup;
			children = (
				471FF9AF1B22CD1C00EEAA04 /* WarkAround.app */,
				471FF9C61B22CD1D00EEAA04 /* WarkAroundTests.xctest */,
			);
			name = Products;
			sourceTree = "<group>";
		};
		471FF9B11B22CD1C00EEAA04 /* WarkAround */ = {
			isa = PBXGroup;
			children = (
				471FF9B41B22CD1C00EEAA04 /* AppDelegate.swift */,
				471FF9FD1B22E94E00EEAA04 /* TabbarViewController.swift */,
				471FFA121B231F5C00EEAA04 /* OriginalNavigationController.swift */,
				471FFA0C1B231B9000EEAA04 /* HomeViewController.swift */,
				471FFA0E1B231BA900EEAA04 /* RankingTableViewController.swift */,
				478AF1551B2404290027F22D /* RankingTableViewCell.swift */,
				475EC9651B23287700B65747 /* CouponViewController.swift */,
				478AF1511B23F5430027F22D /* WebViewController.swift */,
				471FF9BA1B22CD1C00EEAA04 /* Main.storyboard */,
				471FF9BD1B22CD1C00EEAA04 /* Images.xcassets */,
				471FF9BF1B22CD1C00EEAA04 /* LaunchScreen.xib */,
				471FF9B21B22CD1C00EEAA04 /* Supporting Files */,
			);
			path = WarkAround;
			sourceTree = "<group>";
		};
		471FF9B21B22CD1C00EEAA04 /* Supporting Files */ = {
			isa = PBXGroup;
			children = (
				478AF15D1B242C8E0027F22D /* rank_360-1@2x.png */,
				478AF15E1B242C8E0027F22D /* cou_360@2x.png */,
				478AF15F1B242C8E0027F22D /* home_360@2x.png */,
				478AF14D1B23D6850027F22D /* stepoints_720.png */,
				478AF14B1B23CE550027F22D /* aa.png */,
				478AF14F1B23D8230027F22D /* fusa.png */,
				478AF1431B2358440027F22D /* coupon_1024.png */,
				478AF1471B23CBBC0027F22D /* logopng_360.png */,
				478AF1531B2403040027F22D /* splash3.png */,
				478AF1481B23CBBC0027F22D /* rank_360.png */,
				475EC96B1B23412900B65747 /* splash2.png */,
				475EC9691B233A1C00B65747 /* background.png */,
				475EC95D1B2327DC00B65747 /* nav_haguruma@2x.png */,
				475EC95E1B2327DC00B65747 /* tab_home@2x.png */,
				475EC95F1B2327DC00B65747 /* tab_rank@2x.png */,
				475EC9601B2327DC00B65747 /* tab_wallet@2x.png */,
				471FFA101B231EB400EEAA04 /* splash.png */,
				471FF9FF1B230E4000EEAA04 /* uselogo.png */,
				471FF9B31B22CD1C00EEAA04 /* Info.plist */,
			);
			name = "Supporting Files";
			sourceTree = "<group>";
		};
		471FF9C91B22CD1D00EEAA04 /* WarkAroundTests */ = {
			isa = PBXGroup;
			children = (
				471FF9CC1B22CD1D00EEAA04 /* WarkAroundTests.swift */,
				471FF9CA1B22CD1D00EEAA04 /* Supporting Files */,
			);
			path = WarkAroundTests;
			sourceTree = "<group>";
		};
		471FF9CA1B22CD1D00EEAA04 /* Supporting Files */ = {
			isa = PBXGroup;
			children = (
				471FF9CB1B22CD1D00EEAA04 /* Info.plist */,
			);
			name = "Supporting Files";
			sourceTree = "<group>";
		};
		471FF9F61B22E3AD00EEAA04 /* Frameworks */ = {
			isa = PBXGroup;
			children = (
				471FF9F71B22E47F00EEAA04 /* Bolts.framework */,
				471FF9F81B22E47F00EEAA04 /* Parse.framework */,
				471FF9F91B22E47F00EEAA04 /* ParseUI.framework */,
				471FF9F41B22E32400EEAA04 /* Social.framework */,
				471FF9F21B22E31E00EEAA04 /* Accounts.framework */,
				471FF9F01B22E31600EEAA04 /* libsqlite3.dylib */,
				471FF9EE1B22E30700EEAA04 /* libz.dylib */,
				471FF9EC1B22E2FF00EEAA04 /* SystemConfiguration.framework */,
				471FF9EA1B22E2F800EEAA04 /* StoreKit.framework */,
				471FF9E81B22E2F000EEAA04 /* Security.framework */,
				471FF9E61B22E2E900EEAA04 /* QuartzCore.framework */,
				471FF9E41B22E2E100EEAA04 /* MobileCoreServices.framework */,
				471FF9E21B22E2DA00EEAA04 /* CoreLocation.framework */,
				471FF9E01B22E22400EEAA04 /* CoreGraphics.framework */,
				471FF9DE1B22E21C00EEAA04 /* CFNetwork.framework */,
				471FF9DC1B22E21400EEAA04 /* AudioToolbox.framework */,
			);
			name = Frameworks;
			path = WarkAround.xcodeproj;
			sourceTree = "<group>";
		};
/* End PBXGroup section */

/* Begin PBXNativeTarget section */
		471FF9AE1B22CD1C00EEAA04 /* WarkAround */ = {
			isa = PBXNativeTarget;
			buildConfigurationList = 471FF9D01B22CD1D00EEAA04 /* Build configuration list for PBXNativeTarget "WarkAround" */;
			buildPhases = (
				471FF9AB1B22CD1C00EEAA04 /* Sources */,
				471FF9AC1B22CD1C00EEAA04 /* Frameworks */,
				471FF9AD1B22CD1C00EEAA04 /* Resources */,
				471FFA011B2317D700EEAA04 /* ShellScript */,
			);
			buildRules = (
			);
			dependencies = (
			);
			name = WarkAround;
			productName = WarkAround;
			productReference = 471FF9AF1B22CD1C00EEAA04 /* WarkAround.app */;
			productType = "com.apple.product-type.application";
		};
		471FF9C51B22CD1D00EEAA04 /* WarkAroundTests */ = {
			isa = PBXNativeTarget;
			buildConfigurationList = 471FF9D31B22CD1D00EEAA04 /* Build configuration list for PBXNativeTarget "WarkAroundTests" */;
			buildPhases = (
				471FF9C21B22CD1D00EEAA04 /* Sources */,
				471FF9C31B22CD1D00EEAA04 /* Frameworks */,
				471FF9C41B22CD1D00EEAA04 /* Resources */,
			);
			buildRules = (
			);
			dependencies = (
				471FF9C81B22CD1D00EEAA04 /* PBXTargetDependency */,
			);
			name = WarkAroundTests;
			productName = WarkAroundTests;
			productReference = 471FF9C61B22CD1D00EEAA04 /* WarkAroundTests.xctest */;
			productType = "com.apple.product-type.bundle.unit-test";
		};
/* End PBXNativeTarget section */

/* Begin PBXProject section */
		471FF9A71B22CD1C00EEAA04 /* Project object */ = {
			isa = PBXProject;
			attributes = {
				LastUpgradeCheck = 0630;
				ORGANIZATIONNAME = Tachikoma;
				TargetAttributes = {
					471FF9AE1B22CD1C00EEAA04 = {
						CreatedOnToolsVersion = 6.3.1;
					};
					471FF9C51B22CD1D00EEAA04 = {
						CreatedOnToolsVersion = 6.3.1;
						TestTargetID = 471FF9AE1B22CD1C00EEAA04;
					};
				};
			};
			buildConfigurationList = 471FF9AA1B22CD1C00EEAA04 /* Build configuration list for PBXProject "WarkAround" */;
			compatibilityVersion = "Xcode 3.2";
			developmentRegion = English;
			hasScannedForEncodings = 0;
			knownRegions = (
				en,
				Base,
			);
			mainGroup = 471FF9A61B22CD1C00EEAA04;
			productRefGroup = 471FF9B01B22CD1C00EEAA04 /* Products */;
			projectDirPath = "";
			projectRoot = "";
			targets = (
				471FF9AE1B22CD1C00EEAA04 /* WarkAround */,
				471FF9C51B22CD1D00EEAA04 /* WarkAroundTests */,
			);
		};
/* End PBXProject section */

/* Begin PBXResourcesBuildPhase section */
		471FF9AD1B22CD1C00EEAA04 /* Resources */ = {
			isa = PBXResourcesBuildPhase;
			buildActionMask = 2147483647;
			files = (
				478AF15C1B2411140027F22D /* SukhumvitSet.ttc in Resources */,
				478AF15B1B2411100027F22D /* STHiti.ttf in Resources */,
				478AF15A1B24110C0027F22D /* Futura.ttc in Resources */,
				478AF1621B242C8E0027F22D /* home_360@2x.png in Resources */,
				475EC9611B2327DC00B65747 /* nav_haguruma@2x.png in Resources */,
				475EC96A1B233A1C00B65747 /* background.png in Resources */,
				478AF1501B23D8230027F22D /* fusa.png in Resources */,
				478AF1491B23CBBC0027F22D /* logopng_360.png in Resources */,
				475EC96C1B23412900B65747 /* splash2.png in Resources */,
				478AF14A1B23CBBC0027F22D /* rank_360.png in Resources */,
				471FFA081B2317F400EEAA04 /* TwitterKitResources.bundle in Resources */,
				471FFA001B230E4000EEAA04 /* uselogo.png in Resources */,
				471FF9BC1B22CD1C00EEAA04 /* Main.storyboard in Resources */,
				478AF1541B2403040027F22D /* splash3.png in Resources */,
				478AF1611B242C8E0027F22D /* cou_360@2x.png in Resources */,
				471FF9C11B22CD1C00EEAA04 /* LaunchScreen.xib in Resources */,
				471FF9BE1B22CD1C00EEAA04 /* Images.xcassets in Resources */,
				475EC9631B2327DC00B65747 /* tab_rank@2x.png in Resources */,
				478AF14C1B23CE550027F22D /* aa.png in Resources */,
				478AF14E1B23D6850027F22D /* stepoints_720.png in Resources */,
				478AF1601B242C8E0027F22D /* rank_360-1@2x.png in Resources */,
				478AF1441B2358440027F22D /* coupon_1024.png in Resources */,
				475EC9641B2327DC00B65747 /* tab_wallet@2x.png in Resources */,
				471FFA111B231EB400EEAA04 /* splash.png in Resources */,
				475EC9621B2327DC00B65747 /* tab_home@2x.png in Resources */,
			);
			runOnlyForDeploymentPostprocessing = 0;
		};
		471FF9C41B22CD1D00EEAA04 /* Resources */ = {
			isa = PBXResourcesBuildPhase;
			buildActionMask = 2147483647;
			files = (
			);
			runOnlyForDeploymentPostprocessing = 0;
		};
/* End PBXResourcesBuildPhase section */

/* Begin PBXShellScriptBuildPhase section */
		471FFA011B2317D700EEAA04 /* ShellScript */ = {
			isa = PBXShellScriptBuildPhase;
			buildActionMask = 2147483647;
			files = (
			);
			inputPaths = (
			);
			outputPaths = (
			);
			runOnlyForDeploymentPostprocessing = 0;
			shellPath = /bin/sh;
			shellScript = "./Fabric.framework/run 8eb383458de97810d545737f273705083f40fe64 11c68e1d230fc366b7e08344f73bd72ec518e24624823d7ee280ca5b7714be1d";
		};
/* End PBXShellScriptBuildPhase section */

/* Begin PBXSourcesBuildPhase section */
		471FF9AB1B22CD1C00EEAA04 /* Sources */ = {
			isa = PBXSourcesBuildPhase;
			buildActionMask = 2147483647;
			files = (
				471FFA131B231F5C00EEAA04 /* OriginalNavigationController.swift in Sources */,
				471FFA0F1B231BA900EEAA04 /* RankingTableViewController.swift in Sources */,
				478AF1561B2404290027F22D /* RankingTableViewCell.swift in Sources */,
				475EC9661B23287700B65747 /* CouponViewController.swift in Sources */,
				471FF9FE1B22E94E00EEAA04 /* TabbarViewController.swift in Sources */,
				471FF9B51B22CD1C00EEAA04 /* AppDelegate.swift in Sources */,
				471FFA0D1B231B9000EEAA04 /* HomeViewController.swift in Sources */,
				478AF1521B23F5430027F22D /* WebViewController.swift in Sources */,
			);
			runOnlyForDeploymentPostprocessing = 0;
		};
		471FF9C21B22CD1D00EEAA04 /* Sources */ = {
			isa = PBXSourcesBuildPhase;
			buildActionMask = 2147483647;
			files = (
				471FF9CD1B22CD1D00EEAA04 /* WarkAroundTests.swift in Sources */,
			);
			runOnlyForDeploymentPostprocessing = 0;
		};
/* End PBXSourcesBuildPhase section */

/* Begin PBXTargetDependency section */
		471FF9C81B22CD1D00EEAA04 /* PBXTargetDependency */ = {
			isa = PBXTargetDependency;
			target = 471FF9AE1B22CD1C00EEAA04 /* WarkAround */;
			targetProxy = 471FF9C71B22CD1D00EEAA04 /* PBXContainerItemProxy */;
		};
/* End PBXTargetDependency section */

/* Begin PBXVariantGroup section */
		471FF9BA1B22CD1C00EEAA04 /* Main.storyboard */ = {
			isa = PBXVariantGroup;
			children = (
				471FF9BB1B22CD1C00EEAA04 /* Base */,
			);
			name = Main.storyboard;
			sourceTree = "<group>";
		};
		471FF9BF1B22CD1C00EEAA04 /* LaunchScreen.xib */ = {
			isa = PBXVariantGroup;
			children = (
				471FF9C01B22CD1C00EEAA04 /* Base */,
			);
			name = LaunchScreen.xib;
			sourceTree = "<group>";
		};
/* End PBXVariantGroup section */

/* Begin XCBuildConfiguration section */
		471FF9CE1B22CD1D00EEAA04 /* Debug */ = {
			isa = XCBuildConfiguration;
			buildSettings = {
				ALWAYS_SEARCH_USER_PATHS = NO;
				CLANG_CXX_LANGUAGE_STANDARD = "gnu++0x";
				CLANG_CXX_LIBRARY = "libc++";
				CLANG_ENABLE_MODULES = YES;
				CLANG_ENABLE_OBJC_ARC = YES;
				CLANG_WARN_BOOL_CONVERSION = YES;
				CLANG_WARN_CONSTANT_CONVERSION = YES;
				CLANG_WARN_DIRECT_OBJC_ISA_USAGE = YES_ERROR;
				CLANG_WARN_EMPTY_BODY = YES;
				CLANG_WARN_ENUM_CONVERSION = YES;
				CLANG_WARN_INT_CONVERSION = YES;
				CLANG_WARN_OBJC_ROOT_CLASS = YES_ERROR;
				CLANG_WARN_UNREACHABLE_CODE = YES;
				CLANG_WARN__DUPLICATE_METHOD_MATCH = YES;
				"CODE_SIGN_IDENTITY[sdk=iphoneos*]" = "iPhone Developer";
				COPY_PHASE_STRIP = NO;
				DEBUG_INFORMATION_FORMAT = "dwarf-with-dsym";
				ENABLE_STRICT_OBJC_MSGSEND = YES;
				GCC_C_LANGUAGE_STANDARD = gnu99;
				GCC_DYNAMIC_NO_PIC = NO;
				GCC_NO_COMMON_BLOCKS = YES;
				GCC_OPTIMIZATION_LEVEL = 0;
				GCC_PREPROCESSOR_DEFINITIONS = (
					"DEBUG=1",
					"$(inherited)",
				);
				GCC_SYMBOLS_PRIVATE_EXTERN = NO;
				GCC_WARN_64_TO_32_BIT_CONVERSION = YES;
				GCC_WARN_ABOUT_RETURN_TYPE = YES_ERROR;
				GCC_WARN_UNDECLARED_SELECTOR = YES;
				GCC_WARN_UNINITIALIZED_AUTOS = YES_AGGRESSIVE;
				GCC_WARN_UNUSED_FUNCTION = YES;
				GCC_WARN_UNUSED_VARIABLE = YES;
				IPHONEOS_DEPLOYMENT_TARGET = 8.3;
				MTL_ENABLE_DEBUG_INFO = YES;
				ONLY_ACTIVE_ARCH = YES;
				SDKROOT = iphoneos;
				SWIFT_OPTIMIZATION_LEVEL = "-Onone";
			};
			name = Debug;
		};
		471FF9CF1B22CD1D00EEAA04 /* Release */ = {
			isa = XCBuildConfiguration;
			buildSettings = {
				ALWAYS_SEARCH_USER_PATHS = NO;
				CLANG_CXX_LANGUAGE_STANDARD = "gnu++0x";
				CLANG_CXX_LIBRARY = "libc++";
				CLANG_ENABLE_MODULES = YES;
				CLANG_ENABLE_OBJC_ARC = YES;
				CLANG_WARN_BOOL_CONVERSION = YES;
				CLANG_WARN_CONSTANT_CONVERSION = YES;
				CLANG_WARN_DIRECT_OBJC_ISA_USAGE = YES_ERROR;
				CLANG_WARN_EMPTY_BODY = YES;
				CLANG_WARN_ENUM_CONVERSION = YES;
				CLANG_WARN_INT_CONVERSION = YES;
				CLANG_WARN_OBJC_ROOT_CLASS = YES_ERROR;
				CLANG_WARN_UNREACHABLE_CODE = YES;
				CLANG_WARN__DUPLICATE_METHOD_MATCH = YES;
				"CODE_SIGN_IDENTITY[sdk=iphoneos*]" = "iPhone Developer";
				COPY_PHASE_STRIP = NO;
				DEBUG_INFORMATION_FORMAT = "dwarf-with-dsym";
				ENABLE_NS_ASSERTIONS = NO;
				ENABLE_STRICT_OBJC_MSGSEND = YES;
				GCC_C_LANGUAGE_STANDARD = gnu99;
				GCC_NO_COMMON_BLOCKS = YES;
				GCC_WARN_64_TO_32_BIT_CONVERSION = YES;
				GCC_WARN_ABOUT_RETURN_TYPE = YES_ERROR;
				GCC_WARN_UNDECLARED_SELECTOR = YES;
				GCC_WARN_UNINITIALIZED_AUTOS = YES_AGGRESSIVE;
				GCC_WARN_UNUSED_FUNCTION = YES;
				GCC_WARN_UNUSED_VARIABLE = YES;
				IPHONEOS_DEPLOYMENT_TARGET = 8.3;
				MTL_ENABLE_DEBUG_INFO = NO;
				SDKROOT = iphoneos;
				VALIDATE_PRODUCT = YES;
			};
			name = Release;
		};
		471FF9D11B22CD1D00EEAA04 /* Debug */ = {
			isa = XCBuildConfiguration;
			buildSettings = {
				ASSETCATALOG_COMPILER_APPICON_NAME = AppIcon;
				FRAMEWORK_SEARCH_PATHS = (
					"$(inherited)",
					"$(PROJECT_DIR)/WarkAround.xcodeproj",
					"$(PROJECT_DIR)",
				);
				INFOPLIST_FILE = WarkAround/Info.plist;
				LD_RUNPATH_SEARCH_PATHS = "$(inherited) @executable_path/Frameworks";
				PRODUCT_NAME = "$(TARGET_NAME)";
			};
			name = Debug;
		};
		471FF9D21B22CD1D00EEAA04 /* Release */ = {
			isa = XCBuildConfiguration;
			buildSettings = {
				ASSETCATALOG_COMPILER_APPICON_NAME = AppIcon;
				FRAMEWORK_SEARCH_PATHS = (
					"$(inherited)",
					"$(PROJECT_DIR)/WarkAround.xcodeproj",
					"$(PROJECT_DIR)",
				);
				INFOPLIST_FILE = WarkAround/Info.plist;
				LD_RUNPATH_SEARCH_PATHS = "$(inherited) @executable_path/Frameworks";
				PRODUCT_NAME = "$(TARGET_NAME)";
			};
			name = Release;
		};
		471FF9D41B22CD1D00EEAA04 /* Debug */ = {
			isa = XCBuildConfiguration;
			buildSettings = {
				BUNDLE_LOADER = "$(TEST_HOST)";
				FRAMEWORK_SEARCH_PATHS = (
					"$(SDKROOT)/Developer/Library/Frameworks",
					"$(inherited)",
				);
				GCC_PREPROCESSOR_DEFINITIONS = (
					"DEBUG=1",
					"$(inherited)",
				);
				INFOPLIST_FILE = WarkAroundTests/Info.plist;
				LD_RUNPATH_SEARCH_PATHS = "$(inherited) @executable_path/Frameworks @loader_path/Frameworks";
				PRODUCT_NAME = "$(TARGET_NAME)";
				TEST_HOST = "$(BUILT_PRODUCTS_DIR)/WarkAround.app/WarkAround";
			};
			name = Debug;
		};
		471FF9D51B22CD1D00EEAA04 /* Release */ = {
			isa = XCBuildConfiguration;
			buildSettings = {
				BUNDLE_LOADER = "$(TEST_HOST)";
				FRAMEWORK_SEARCH_PATHS = (
					"$(SDKROOT)/Developer/Library/Frameworks",
					"$(inherited)",
				);
				INFOPLIST_FILE = WarkAroundTests/Info.plist;
				LD_RUNPATH_SEARCH_PATHS = "$(inherited) @executable_path/Frameworks @loader_path/Frameworks";
				PRODUCT_NAME = "$(TARGET_NAME)";
				TEST_HOST = "$(BUILT_PRODUCTS_DIR)/WarkAround.app/WarkAround";
			};
			name = Release;
		};
/* End XCBuildConfiguration section */

/* Begin XCConfigurationList section */
		471FF9AA1B22CD1C00EEAA04 /* Build configuration list for PBXProject "WarkAround" */ = {
			isa = XCConfigurationList;
			buildConfigurations = (
				471FF9CE1B22CD1D00EEAA04 /* Debug */,
				471FF9CF1B22CD1D00EEAA04 /* Release */,
			);
			defaultConfigurationIsVisible = 0;
			defaultConfigurationName = Release;
		};
		471FF9D01B22CD1D00EEAA04 /* Build configuration list for PBXNativeTarget "WarkAround" */ = {
			isa = XCConfigurationList;
			buildConfigurations = (
				471FF9D11B22CD1D00EEAA04 /* Debug */,
				471FF9D21B22CD1D00EEAA04 /* Release */,
			);
			defaultConfigurationIsVisible = 0;
			defaultConfigurationName = Release;
		};
		471FF9D31B22CD1D00EEAA04 /* Build configuration list for PBXNativeTarget "WarkAroundTests" */ = {
			isa = XCConfigurationList;
			buildConfigurations = (
				471FF9D41B22CD1D00EEAA04 /* Debug */,
				471FF9D51B22CD1D00EEAA04 /* Release */,
			);
			defaultConfigurationIsVisible = 0;
			defaultConfigurationName = Release;
		};
/* End XCConfigurationList section */
	};
	rootObject = 471FF9A71B22CD1C00EEAA04 /* Project object */;
}
